
Microsoft Visual Studio Solution File, Format Version 12.00
# Visual Studio Version 16
VisualStudioVersion = 16.0.31729.503
MinimumVisualStudioVersion = 10.0.40219.1
Project("{9A19103F-16F7-4668-BE54-9A1E7A4F7556}") = "AspNetWebApiProje.API", "AspNetWebApiProje.API\AspNetWebApiProje.API.csproj", "{33104754-4CF0-4B93-80D0-66A8761C06E8}"
EndProject
Project("{9A19103F-16F7-4668-BE54-9A1E7A4F7556}") = "AspNetWebApiProje.Core", "AspNetWebApiProje.Core\AspNetWebApiProje.Core.csproj", "{5D504F87-2294-44BB-8363-3C2A53F4F89F}"
EndProject
Project("{9A19103F-16F7-4668-BE54-9A1E7A4F7556}") = "AspNetWebApiProje.Data", "AspNetWebApiProje.Data\AspNetWebApiProje.Data.csproj", "{78C6314D-1C6F-43F7-AE32-C57AE5AD3B91}"
EndProject
Project("{9A19103F-16F7-4668-BE54-9A1E7A4F7556}") = "AspNetWebApiProje.Service", "AspNetWebApiProje.Service\AspNetWebApiProje.Service.csproj", "{0EA3455E-DA04-4875-9DF1-4B810C1D706D}"
EndProject
Global
	GlobalSection(SolutionConfigurationPlatforms) = preSolution
		Debug|Any CPU = Debug|Any CPU
		Release|Any CPU = Release|Any CPU
	EndGlobalSection
	GlobalSection(ProjectConfigurationPlatforms) = postSolution
		{33104754-4CF0-4B93-80D0-66A8761C06E8}.Debug|Any CPU.ActiveCfg = Debug|Any CPU
		{33104754-4CF0-4B93-80D0-66A8761C06E8}.Debug|Any CPU.Build.0 = Debug|Any CPU
		{33104754-4CF0-4B93-80D0-66A8761C06E8}.Release|Any CPU.ActiveCfg = Release|Any CPU
		{33104754-4CF0-4B93-80D0-66A8761C06E8}.Release|Any CPU.Build.0 = Release|Any CPU
		{5D504F87-2294-44BB-8363-3C2A53F4F89F}.Debug|Any CPU.ActiveCfg = Debug|Any CPU
		{5D504F87-2294-44BB-8363-3C2A53F4F89F}.Debug|Any CPU.Build.0 = Debug|Any CPU
		{5D504F87-2294-44BB-8363-3C2A53F4F89F}.Release|Any CPU.ActiveCfg = Release|Any CPU
		{5D504F87-2294-44BB-8363-3C2A53F4F89F}.Release|Any CPU.Build.0 = Release|Any CPU
		{78C6314D-1C6F-43F7-AE32-C57AE5AD3B91}.Debug|Any CPU.ActiveCfg = Debug|Any CPU
		{78C6314D-1C6F-43F7-AE32-C57AE5AD3B91}.Debug|Any CPU.Build.0 = Debug|Any CPU
		{78C6314D-1C6F-43F7-AE32-C57AE5AD3B91}.Release|Any CPU.ActiveCfg = Release|Any CPU
		{78C6314D-1C6F-43F7-AE32-C57AE5AD3B91}.Release|Any CPU.Build.0 = Release|Any CPU
		{0EA3455E-DA04-4875-9DF1-4B810C1D706D}.Debug|Any CPU.ActiveCfg = Debug|Any CPU
		{0EA3455E-DA04-4875-9DF1-4B810C1D706D}.Debug|Any CPU.Build.0 = Debug|Any CPU
		{0EA3455E-DA04-4875-9DF1-4B810C1D706D}.Release|Any CPU.ActiveCfg = Release|Any CPU
		{0EA3455E-DA04-4875-9DF1-4B810C1D706D}.Release|Any CPU.Build.0 = Release|Any CPU
	EndGlobalSection
	GlobalSection(SolutionProperties) = preSolution
		HideSolutionNode = FALSE
	EndGlobalSection
	GlobalSection(ExtensibilityGlobals) = postSolution
		SolutionGuid = {18319119-172A-4775-A333-EFFFD595CB53}
	EndGlobalSection
EndGlobal
